
Microsoft Visual Studio Solution File, Format Version 12.00
# Visual Studio Version 17
VisualStudioVersion = 17.6.33723.286
MinimumVisualStudioVersion = 10.0.40219.1
Project("{FAE04EC0-301F-11D3-BF4B-00C04F79EFBC}") = "ePizzaHub.Core", "ePizzaHub.Core\ePizzaHub.Core.csproj", "{DEAAB1F2-CA7C-4D10-A8BC-E789D700CBA3}"
EndProject
Project("{FAE04EC0-301F-11D3-BF4B-00C04F79EFBC}") = "ePizzaHub.Models", "ePizzaHub.Models\ePizzaHub.Models.csproj", "{2E5C486B-8B3C-4817-A448-FD079E9F240B}"
EndProject
Project("{FAE04EC0-301F-11D3-BF4B-00C04F79EFBC}") = "ePizzaHub.Repositories", "ePizzaHub.Repositories\ePizzaHub.Repositories.csproj", "{C65DC211-26C7-4882-91CE-35C2CECC4A4A}"
EndProject
Project("{FAE04EC0-301F-11D3-BF4B-00C04F79EFBC}") = "ePizzaHub.Services", "ePizzaHub.Services\ePizzaHub.Services.csproj", "{4AE74FD1-4091-4C77-882F-92CEBDA120E9}"
EndProject
Project("{FAE04EC0-301F-11D3-BF4B-00C04F79EFBC}") = "ePizzaHub.UI", "ePizzaHub.UI\ePizzaHub.UI.csproj", "{4E9CA2A1-26B2-4ECC-A4FF-E8ECC958103A}"
EndProject
Global
	GlobalSection(SolutionConfigurationPlatforms) = preSolution
		Debug|Any CPU = Debug|Any CPU
		Release|Any CPU = Release|Any CPU
	EndGlobalSection
	GlobalSection(ProjectConfigurationPlatforms) = postSolution
		{DEAAB1F2-CA7C-4D10-A8BC-E789D700CBA3}.Debug|Any CPU.ActiveCfg = Debug|Any CPU
		{DEAAB1F2-CA7C-4D10-A8BC-E789D700CBA3}.Debug|Any CPU.Build.0 = Debug|Any CPU
		{DEAAB1F2-CA7C-4D10-A8BC-E789D700CBA3}.Release|Any CPU.ActiveCfg = Release|Any CPU
		{DEAAB1F2-CA7C-4D10-A8BC-E789D700CBA3}.Release|Any CPU.Build.0 = Release|Any CPU
		{2E5C486B-8B3C-4817-A448-FD079E9F240B}.Debug|Any CPU.ActiveCfg = Debug|Any CPU
		{2E5C486B-8B3C-4817-A448-FD079E9F240B}.Debug|Any CPU.Build.0 = Debug|Any CPU
		{2E5C486B-8B3C-4817-A448-FD079E9F240B}.Release|Any CPU.ActiveCfg = Release|Any CPU
		{2E5C486B-8B3C-4817-A448-FD079E9F240B}.Release|Any CPU.Build.0 = Release|Any CPU
		{C65DC211-26C7-4882-91CE-35C2CECC4A4A}.Debug|Any CPU.ActiveCfg = Debug|Any CPU
		{C65DC211-26C7-4882-91CE-35C2CECC4A4A}.Debug|Any CPU.Build.0 = Debug|Any CPU
		{C65DC211-26C7-4882-91CE-35C2CECC4A4A}.Release|Any CPU.ActiveCfg = Release|Any CPU
		{C65DC211-26C7-4882-91CE-35C2CECC4A4A}.Release|Any CPU.Build.0 = Release|Any CPU
		{4AE74FD1-4091-4C77-882F-92CEBDA120E9}.Debug|Any CPU.ActiveCfg = Debug|Any CPU
		{4AE74FD1-4091-4C77-882F-92CEBDA120E9}.Debug|Any CPU.Build.0 = Debug|Any CPU
		{4AE74FD1-4091-4C77-882F-92CEBDA120E9}.Release|Any CPU.ActiveCfg = Release|Any CPU
		{4AE74FD1-4091-4C77-882F-92CEBDA120E9}.Release|Any CPU.Build.0 = Release|Any CPU
		{4E9CA2A1-26B2-4ECC-A4FF-E8ECC958103A}.Debug|Any CPU.ActiveCfg = Debug|Any CPU
		{4E9CA2A1-26B2-4ECC-A4FF-E8ECC958103A}.Debug|Any CPU.Build.0 = Debug|Any CPU
		{4E9CA2A1-26B2-4ECC-A4FF-E8ECC958103A}.Release|Any CPU.ActiveCfg = Release|Any CPU
		{4E9CA2A1-26B2-4ECC-A4FF-E8ECC958103A}.Release|Any CPU.Build.0 = Release|Any CPU
	EndGlobalSection
	GlobalSection(SolutionProperties) = preSolution
		HideSolutionNode = FALSE
	EndGlobalSection
	GlobalSection(ExtensibilityGlobals) = postSolution
		SolutionGuid = {E6AC489F-C70F-449E-98A2-A64A06E82374}
	EndGlobalSection
EndGlobal
